
Microsoft Visual Studio Solution File, Format Version 12.00
# Visual Studio Version 17
VisualStudioVersion = 17.1.32228.430
MinimumVisualStudioVersion = 10.0.40219.1
Project("{FAE04EC0-301F-11D3-BF4B-00C04F79EFBC}") = "MoveService", "MoveService\MoveService.csproj", "{BF14AFF9-79A2-4C75-A990-04FD80BD2B93}"
EndProject
Global
	GlobalSection(SolutionConfigurationPlatforms) = preSolution
		Debug|Any CPU = Debug|Any CPU
		Release|Any CPU = Release|Any CPU
	EndGlobalSection
	GlobalSection(ProjectConfigurationPlatforms) = postSolution
		{BF14AFF9-79A2-4C75-A990-04FD80BD2B93}.Debug|Any CPU.ActiveCfg = Debug|Any CPU
		{BF14AFF9-79A2-4C75-A990-04FD80BD2B93}.Debug|Any CPU.Build.0 = Debug|Any CPU
		{BF14AFF9-79A2-4C75-A990-04FD80BD2B93}.Release|Any CPU.ActiveCfg = Release|Any CPU
		{BF14AFF9-79A2-4C75-A990-04FD80BD2B93}.Release|Any CPU.Build.0 = Release|Any CPU
	EndGlobalSection
	GlobalSection(SolutionProperties) = preSolution
		HideSolutionNode = FALSE
	EndGlobalSection
	GlobalSection(ExtensibilityGlobals) = postSolution
		SolutionGuid = {46B86559-E276-4BB5-BB2C-D762C223CADA}
	EndGlobalSection
EndGlobal
